
Microsoft Visual Studio Solution File, Format Version 12.00
# Visual Studio 2013
VisualStudioVersion = 12.0.21005.1
MinimumVisualStudioVersion = 10.0.40219.1
Project("{FAE04EC0-301F-11D3-BF4B-00C04F79EFBC}") = "SMSGateway", "SMSGateway\SMSGateway.csproj", "{133A80D3-437B-4D76-815C-8553BF7C8B6A}"
	ProjectSection(ProjectDependencies) = postProject
		{A726B309-B361-4276-8728-BCA844C4BC39} = {A726B309-B361-4276-8728-BCA844C4BC39}
	EndProjectSection
EndProject
Project("{6141683F-8A12-4E36-9623-2EB02B2C2303}") = "SMSGetewaySetup", "SMSGetewaySetup\SMSGetewaySetup.isproj", "{764FC468-490E-4DF1-B6C0-32DD6E819549}"
	ProjectSection(ProjectDependencies) = postProject
		{A726B309-B361-4276-8728-BCA844C4BC39} = {A726B309-B361-4276-8728-BCA844C4BC39}
		{133A80D3-437B-4D76-815C-8553BF7C8B6A} = {133A80D3-437B-4D76-815C-8553BF7C8B6A}
	EndProjectSection
EndProject
Project("{FAE04EC0-301F-11D3-BF4B-00C04F79EFBC}") = "SMSGatewayWCFLibrary", "SMSGatewayWCFLibrary\SMSGatewayWCFLibrary\SMSGatewayWCFLibrary.csproj", "{A726B309-B361-4276-8728-BCA844C4BC39}"
EndProject
Global
	GlobalSection(SolutionConfigurationPlatforms) = preSolution
		CD_ROM|Any CPU = CD_ROM|Any CPU
		Debug|Any CPU = Debug|Any CPU
		DVD-5|Any CPU = DVD-5|Any CPU
		Release|Any CPU = Release|Any CPU
		SingleImage|Any CPU = SingleImage|Any CPU
	EndGlobalSection
	GlobalSection(ProjectConfigurationPlatforms) = postSolution
		{133A80D3-437B-4D76-815C-8553BF7C8B6A}.CD_ROM|Any CPU.ActiveCfg = Release|Any CPU
		{133A80D3-437B-4D76-815C-8553BF7C8B6A}.CD_ROM|Any CPU.Build.0 = Release|Any CPU
		{133A80D3-437B-4D76-815C-8553BF7C8B6A}.Debug|Any CPU.ActiveCfg = Debug|Any CPU
		{133A80D3-437B-4D76-815C-8553BF7C8B6A}.Debug|Any CPU.Build.0 = Debug|Any CPU
		{133A80D3-437B-4D76-815C-8553BF7C8B6A}.DVD-5|Any CPU.ActiveCfg = Debug|Any CPU
		{133A80D3-437B-4D76-815C-8553BF7C8B6A}.DVD-5|Any CPU.Build.0 = Debug|Any CPU
		{133A80D3-437B-4D76-815C-8553BF7C8B6A}.Release|Any CPU.ActiveCfg = Release|Any CPU
		{133A80D3-437B-4D76-815C-8553BF7C8B6A}.Release|Any CPU.Build.0 = Release|Any CPU
		{133A80D3-437B-4D76-815C-8553BF7C8B6A}.SingleImage|Any CPU.ActiveCfg = Release|Any CPU
		{133A80D3-437B-4D76-815C-8553BF7C8B6A}.SingleImage|Any CPU.Build.0 = Release|Any CPU
		{764FC468-490E-4DF1-B6C0-32DD6E819549}.CD_ROM|Any CPU.ActiveCfg = CD_ROM
		{764FC468-490E-4DF1-B6C0-32DD6E819549}.CD_ROM|Any CPU.Build.0 = CD_ROM
		{764FC468-490E-4DF1-B6C0-32DD6E819549}.Debug|Any CPU.ActiveCfg = DVD-5
		{764FC468-490E-4DF1-B6C0-32DD6E819549}.Debug|Any CPU.Build.0 = DVD-5
		{764FC468-490E-4DF1-B6C0-32DD6E819549}.DVD-5|Any CPU.ActiveCfg = DVD-5
		{764FC468-490E-4DF1-B6C0-32DD6E819549}.DVD-5|Any CPU.Build.0 = DVD-5
		{764FC468-490E-4DF1-B6C0-32DD6E819549}.Release|Any CPU.ActiveCfg = SingleImage
		{764FC468-490E-4DF1-B6C0-32DD6E819549}.Release|Any CPU.Build.0 = SingleImage
		{764FC468-490E-4DF1-B6C0-32DD6E819549}.SingleImage|Any CPU.ActiveCfg = SingleImage
		{764FC468-490E-4DF1-B6C0-32DD6E819549}.SingleImage|Any CPU.Build.0 = SingleImage
		{A726B309-B361-4276-8728-BCA844C4BC39}.CD_ROM|Any CPU.ActiveCfg = Release|Any CPU
		{A726B309-B361-4276-8728-BCA844C4BC39}.CD_ROM|Any CPU.Build.0 = Release|Any CPU
		{A726B309-B361-4276-8728-BCA844C4BC39}.Debug|Any CPU.ActiveCfg = Debug|Any CPU
		{A726B309-B361-4276-8728-BCA844C4BC39}.Debug|Any CPU.Build.0 = Debug|Any CPU
		{A726B309-B361-4276-8728-BCA844C4BC39}.DVD-5|Any CPU.ActiveCfg = Debug|Any CPU
		{A726B309-B361-4276-8728-BCA844C4BC39}.DVD-5|Any CPU.Build.0 = Debug|Any CPU
		{A726B309-B361-4276-8728-BCA844C4BC39}.Release|Any CPU.ActiveCfg = Release|Any CPU
		{A726B309-B361-4276-8728-BCA844C4BC39}.Release|Any CPU.Build.0 = Release|Any CPU
		{A726B309-B361-4276-8728-BCA844C4BC39}.SingleImage|Any CPU.ActiveCfg = Release|Any CPU
		{A726B309-B361-4276-8728-BCA844C4BC39}.SingleImage|Any CPU.Build.0 = Release|Any CPU
	EndGlobalSection
	GlobalSection(SolutionProperties) = preSolution
		HideSolutionNode = FALSE
	EndGlobalSection
EndGlobal
